
Microsoft Visual Studio Solution File, Format Version 12.00
# Visual Studio Version 17
VisualStudioVersion = 17.11.35327.3
MinimumVisualStudioVersion = 10.0.40219.1
Project("{9A19103F-16F7-4668-BE54-9A1E7A4F7556}") = "IMDBClone", "IMDBClone.csproj", "{120A5FC5-E130-48D6-B6C2-ADF03DCF0980}"
EndProject
Project("{9A19103F-16F7-4668-BE54-9A1E7A4F7556}") = "IMDBClone.Tests", "..\IMDBClone.Tests\IMDBClone.Tests.csproj", "{16AEA5EC-AA8E-428D-AFE3-11F5A550B619}"
EndProject
Global
	GlobalSection(SolutionConfigurationPlatforms) = preSolution
		Debug|Any CPU = Debug|Any CPU
		Release|Any CPU = Release|Any CPU
	EndGlobalSection
	GlobalSection(ProjectConfigurationPlatforms) = postSolution
		{120A5FC5-E130-48D6-B6C2-ADF03DCF0980}.Debug|Any CPU.ActiveCfg = Debug|Any CPU
		{120A5FC5-E130-48D6-B6C2-ADF03DCF0980}.Debug|Any CPU.Build.0 = Debug|Any CPU
		{120A5FC5-E130-48D6-B6C2-ADF03DCF0980}.Release|Any CPU.ActiveCfg = Release|Any CPU
		{120A5FC5-E130-48D6-B6C2-ADF03DCF0980}.Release|Any CPU.Build.0 = Release|Any CPU
		{16AEA5EC-AA8E-428D-AFE3-11F5A550B619}.Debug|Any CPU.ActiveCfg = Debug|Any CPU
		{16AEA5EC-AA8E-428D-AFE3-11F5A550B619}.Debug|Any CPU.Build.0 = Debug|Any CPU
		{16AEA5EC-AA8E-428D-AFE3-11F5A550B619}.Release|Any CPU.ActiveCfg = Release|Any CPU
		{16AEA5EC-AA8E-428D-AFE3-11F5A550B619}.Release|Any CPU.Build.0 = Release|Any CPU
	EndGlobalSection
	GlobalSection(SolutionProperties) = preSolution
		HideSolutionNode = FALSE
	EndGlobalSection
	GlobalSection(ExtensibilityGlobals) = postSolution
		SolutionGuid = {E8A0132F-2E49-4F60-ABCC-03A49D4E35DE}
	EndGlobalSection
EndGlobal
